// !$*UTF8*$!
{
	archiveVersion = 1;
	classes = {
	};
	objectVersion = 50;
	objects = {

/* Begin PBXBuildFile section */
		7D5B018520DCF481001EE7AF /* AppDelegate.swift in Sources */ = {isa = PBXBuildFile; fileRef = 7D5B018420DCF481001EE7AF /* AppDelegate.swift */; };
		7D5B018720DCF481001EE7AF /* ViewController.swift in Sources */ = {isa = PBXBuildFile; fileRef = 7D5B018620DCF481001EE7AF /* ViewController.swift */; };
		7D5B018A20DCF481001EE7AF /* Main.storyboard in Resources */ = {isa = PBXBuildFile; fileRef = 7D5B018820DCF481001EE7AF /* Main.storyboard */; };
		7D5B018D20DCF481001EE7AF /* ARMeasuring.xcdatamodeld in Sources */ = {isa = PBXBuildFile; fileRef = 7D5B018B20DCF481001EE7AF /* ARMeasuring.xcdatamodeld */; };
		7D5B018F20DCF483001EE7AF /* Assets.xcassets in Resources */ = {isa = PBXBuildFile; fileRef = 7D5B018E20DCF483001EE7AF /* Assets.xcassets */; };
		7D5B019220DCF483001EE7AF /* LaunchScreen.storyboard in Resources */ = {isa = PBXBuildFile; fileRef = 7D5B019020DCF483001EE7AF /* LaunchScreen.storyboard */; };
		7D5B019D20DCF483001EE7AF /* ARMeasuringTests.swift in Sources */ = {isa = PBXBuildFile; fileRef = 7D5B019C20DCF483001EE7AF /* ARMeasuringTests.swift */; };
		7D5B01A820DCF483001EE7AF /* ARMeasuringUITests.swift in Sources */ = {isa = PBXBuildFile; fileRef = 7D5B01A720DCF483001EE7AF /* ARMeasuringUITests.swift */; };
/* End PBXBuildFile section */

/* Begin PBXContainerItemProxy section */
		7D5B019920DCF483001EE7AF /* PBXContainerItemProxy */ = {
			isa = PBXContainerItemProxy;
			containerPortal = 7D5B017920DCF481001EE7AF /* Project object */;
			proxyType = 1;
			remoteGlobalIDString = 7D5B018020DCF481001EE7AF;
			remoteInfo = ARMeasuring;
		};
		7D5B01A420DCF483001EE7AF /* PBXContainerItemProxy */ = {
			isa = PBXContainerItemProxy;
			containerPortal = 7D5B017920DCF481001EE7AF /* Project object */;
			proxyType = 1;
			remoteGlobalIDString = 7D5B018020DCF481001EE7AF;
			remoteInfo = ARMeasuring;
		};
/* End PBXContainerItemProxy section */

/* Begin PBXFileReference section */
		7D5B018120DCF481001EE7AF /* ARMeasuring.app */ = {isa = PBXFileReference; explicitFileType = wrapper.application; includeInIndex = 0; path = ARMeasuring.app; sourceTree = BUILT_PRODUCTS_DIR; };
		7D5B018420DCF481001EE7AF /* AppDelegate.swift */ = {isa = PBXFileReference; lastKnownFileType = sourcecode.swift; path = AppDelegate.swift; sourceTree = "<group>"; };
		7D5B018620DCF481001EE7AF /* ViewController.swift */ = {isa = PBXFileReference; lastKnownFileType = sourcecode.swift; path = ViewController.swift; sourceTree = "<group>"; };
		7D5B018920DCF481001EE7AF /* Base */ = {isa = PBXFileReference; lastKnownFileType = file.storyboard; name = Base; path = Base.lproj/Main.storyboard; sourceTree = "<group>"; };
		7D5B018C20DCF481001EE7AF /* ARMeasuring.xcdatamodel */ = {isa = PBXFileReference; lastKnownFileType = wrapper.xcdatamodel; path = ARMeasuring.xcdatamodel; sourceTree = "<group>"; };
		7D5B018E20DCF483001EE7AF /* Assets.xcassets */ = {isa = PBXFileReference; lastKnownFileType = folder.assetcatalog; path = Assets.xcassets; sourceTree = "<group>"; };
		7D5B019120DCF483001EE7AF /* Base */ = {isa = PBXFileReference; lastKnownFileType = file.storyboard; name = Base; path = Base.lproj/LaunchScreen.storyboard; sourceTree = "<group>"; };
		7D5B019320DCF483001EE7AF /* Info.plist */ = {isa = PBXFileReference; lastKnownFileType = text.plist.xml; path = Info.plist; sourceTree = "<group>"; };
		7D5B019820DCF483001EE7AF /* ARMeasuringTests.xctest */ = {isa = PBXFileReference; explicitFileType = wrapper.cfbundle; includeInIndex = 0; path = ARMeasuringTests.xctest; sourceTree = BUILT_PRODUCTS_DIR; };
		7D5B019C20DCF483001EE7AF /* ARMeasuringTests.swift */ = {isa = PBXFileReference; lastKnownFileType = sourcecode.swift; path = ARMeasuringTests.swift; sourceTree = "<group>"; };
		7D5B019E20DCF483001EE7AF /* Info.plist */ = {isa = PBXFileReference; lastKnownFileType = text.plist.xml; path = Info.plist; sourceTree = "<group>"; };
		7D5B01A320DCF483001EE7AF /* ARMeasuringUITests.xctest */ = {isa = PBXFileReference; explicitFileType = wrapper.cfbundle; includeInIndex = 0; path = ARMeasuringUITests.xctest; sourceTree = BUILT_PRODUCTS_DIR; };
		7D5B01A720DCF483001EE7AF /* ARMeasuringUITests.swift */ = {isa = PBXFileReference; lastKnownFileType = sourcecode.swift; path = ARMeasuringUITests.swift; sourceTree = "<group>"; };
		7D5B01A920DCF483001EE7AF /* Info.plist */ = {isa = PBXFileReference; lastKnownFileType = text.plist.xml; path = Info.plist; sourceTree = "<group>"; };
/* End PBXFileReference section */

/* Begin PBXFrameworksBuildPhase section */
		7D5B017E20DCF481001EE7AF /* Frameworks */ = {
			isa = PBXFrameworksBuildPhase;
			buildActionMask = 2147483647;
			files = (
			);
			runOnlyForDeploymentPostprocessing = 0;
		};
		7D5B019520DCF483001EE7AF /* Frameworks */ = {
			isa = PBXFrameworksBuildPhase;
			buildActionMask = 2147483647;
			files = (
			);
			runOnlyForDeploymentPostprocessing = 0;
		};
		7D5B01A020DCF483001EE7AF /* Frameworks */ = {
			isa = PBXFrameworksBuildPhase;
			buildActionMask = 2147483647;
			files = (
			);
			runOnlyForDeploymentPostprocessing = 0;
		};
/* End PBXFrameworksBuildPhase section */

/* Begin PBXGroup section */
		7D5B017820DCF481001EE7AF = {
			isa = PBXGroup;
			children = (
				7D5B018320DCF481001EE7AF /* ARMeasuring */,
				7D5B019B20DCF483001EE7AF /* ARMeasuringTests */,
				7D5B01A620DCF483001EE7AF /* ARMeasuringUITests */,
				7D5B018220DCF481001EE7AF /* Products */,
			);
			sourceTree = "<group>";
		};
		7D5B018220DCF481001EE7AF /* Products */ = {
			isa = PBXGroup;
			children = (
				7D5B018120DCF481001EE7AF /* ARMeasuring.app */,
				7D5B019820DCF483001EE7AF /* ARMeasuringTests.xctest */,
				7D5B01A320DCF483001EE7AF /* ARMeasuringUITests.xctest */,
			);
			name = Products;
			sourceTree = "<group>";
		};
		7D5B018320DCF481001EE7AF /* ARMeasuring */ = {
			isa = PBXGroup;
			children = (
				7D5B018420DCF481001EE7AF /* AppDelegate.swift */,
				7D5B018620DCF481001EE7AF /* ViewController.swift */,
				7D5B018820DCF481001EE7AF /* Main.storyboard */,
				7D5B018E20DCF483001EE7AF /* Assets.xcassets */,
				7D5B019020DCF483001EE7AF /* LaunchScreen.storyboard */,
				7D5B019320DCF483001EE7AF /* Info.plist */,
				7D5B018B20DCF481001EE7AF /* ARMeasuring.xcdatamodeld */,
			);
			path = ARMeasuring;
			sourceTree = "<group>";
		};
		7D5B019B20DCF483001EE7AF /* ARMeasuringTests */ = {
			isa = PBXGroup;
			children = (
				7D5B019C20DCF483001EE7AF /* ARMeasuringTests.swift */,
				7D5B019E20DCF483001EE7AF /* Info.plist */,
			);
			path = ARMeasuringTests;
			sourceTree = "<group>";
		};
		7D5B01A620DCF483001EE7AF /* ARMeasuringUITests */ = {
			isa = PBXGroup;
			children = (
				7D5B01A720DCF483001EE7AF /* ARMeasuringUITests.swift */,
				7D5B01A920DCF483001EE7AF /* Info.plist */,
			);
			path = ARMeasuringUITests;
			sourceTree = "<group>";
		};
/* End PBXGroup section */

/* Begin PBXNativeTarget section */
		7D5B018020DCF481001EE7AF /* ARMeasuring */ = {
			isa = PBXNativeTarget;
			buildConfigurationList = 7D5B01AC20DCF483001EE7AF /* Build configuration list for PBXNativeTarget "ARMeasuring" */;
			buildPhases = (
				7D5B017D20DCF481001EE7AF /* Sources */,
				7D5B017E20DCF481001EE7AF /* Frameworks */,
				7D5B017F20DCF481001EE7AF /* Resources */,
			);
			buildRules = (
			);
			dependencies = (
			);
			name = ARMeasuring;
			productName = ARMeasuring;
			productReference = 7D5B018120DCF481001EE7AF /* ARMeasuring.app */;
			productType = "com.apple.product-type.application";
		};
		7D5B019720DCF483001EE7AF /* ARMeasuringTests */ = {
			isa = PBXNativeTarget;
			buildConfigurationList = 7D5B01AF20DCF483001EE7AF /* Build configuration list for PBXNativeTarget "ARMeasuringTests" */;
			buildPhases = (
				7D5B019420DCF483001EE7AF /* Sources */,
				7D5B019520DCF483001EE7AF /* Frameworks */,
				7D5B019620DCF483001EE7AF /* Resources */,
			);
			buildRules = (
			);
			dependencies = (
				7D5B019A20DCF483001EE7AF /* PBXTargetDependency */,
			);
			name = ARMeasuringTests;
			productName = ARMeasuringTests;
			productReference = 7D5B019820DCF483001EE7AF /* ARMeasuringTests.xctest */;
			productType = "com.apple.product-type.bundle.unit-test";
		};
		7D5B01A220DCF483001EE7AF /* ARMeasuringUITests */ = {
			isa = PBXNativeTarget;
			buildConfigurationList = 7D5B01B220DCF483001EE7AF /* Build configuration list for PBXNativeTarget "ARMeasuringUITests" */;
			buildPhases = (
				7D5B019F20DCF483001EE7AF /* Sources */,
				7D5B01A020DCF483001EE7AF /* Frameworks */,
				7D5B01A120DCF483001EE7AF /* Resources */,
			);
			buildRules = (
			);
			dependencies = (
				7D5B01A520DCF483001EE7AF /* PBXTargetDependency */,
			);
			name = ARMeasuringUITests;
			productName = ARMeasuringUITests;
			productReference = 7D5B01A320DCF483001EE7AF /* ARMeasuringUITests.xctest */;
			productType = "com.apple.product-type.bundle.ui-testing";
		};
/* End PBXNativeTarget section */

/* Begin PBXProject section */
		7D5B017920DCF481001EE7AF /* Project object */ = {
			isa = PBXProject;
			attributes = {
				LastSwiftUpdateCheck = 1000;
				LastUpgradeCheck = 1000;
				ORGANIZATIONNAME = "Julian Lechuga Lopez";
				TargetAttributes = {
					7D5B018020DCF481001EE7AF = {
						CreatedOnToolsVersion = 10.0;
					};
					7D5B019720DCF483001EE7AF = {
						CreatedOnToolsVersion = 10.0;
						TestTargetID = 7D5B018020DCF481001EE7AF;
					};
					7D5B01A220DCF483001EE7AF = {
						CreatedOnToolsVersion = 10.0;
						TestTargetID = 7D5B018020DCF481001EE7AF;
					};
				};
			};
			buildConfigurationList = 7D5B017C20DCF481001EE7AF /* Build configuration list for PBXProject "ARMeasuring" */;
			compatibilityVersion = "Xcode 9.3";
			developmentRegion = en;
			hasScannedForEncodings = 0;
			knownRegions = (
				en,
				Base,
			);
			mainGroup = 7D5B017820DCF481001EE7AF;
			productRefGroup = 7D5B018220DCF481001EE7AF /* Products */;
			projectDirPath = "";
			projectRoot = "";
			targets = (
				7D5B018020DCF481001EE7AF /* ARMeasuring */,
				7D5B019720DCF483001EE7AF /* ARMeasuringTests */,
				7D5B01A220DCF483001EE7AF /* ARMeasuringUITests */,
			);
		};
/* End PBXProject section */

/* Begin PBXResourcesBuildPhase section */
		7D5B017F20DCF481001EE7AF /* Resources */ = {
			isa = PBXResourcesBuildPhase;
			buildActionMask = 2147483647;
			files = (
				7D5B019220DCF483001EE7AF /* LaunchScreen.storyboard in Resources */,
				7D5B018F20DCF483001EE7AF /* Assets.xcassets in Resources */,
				7D5B018A20DCF481001EE7AF /* Main.storyboard in Resources */,
			);
			runOnlyForDeploymentPostprocessing = 0;
		};
		7D5B019620DCF483001EE7AF /* Resources */ = {
			isa = PBXResourcesBuildPhase;
			buildActionMask = 2147483647;
			files = (
			);
			runOnlyForDeploymentPostprocessing = 0;
		};
		7D5B01A120DCF483001EE7AF /* Resources */ = {
			isa = PBXResourcesBuildPhase;
			buildActionMask = 2147483647;
			files = (
			);
			runOnlyForDeploymentPostprocessing = 0;
		};
/* End PBXResourcesBuildPhase section */

/* Begin PBXSourcesBuildPhase section */
		7D5B017D20DCF481001EE7AF /* Sources */ = {
			isa = PBXSourcesBuildPhase;
			buildActionMask = 2147483647;
			files = (
				7D5B018D20DCF481001EE7AF /* ARMeasuring.xcdatamodeld in Sources */,
				7D5B018720DCF481001EE7AF /* ViewController.swift in Sources */,
				7D5B018520DCF481001EE7AF /* AppDelegate.swift in Sources */,
			);
			runOnlyForDeploymentPostprocessing = 0;
		};
		7D5B019420DCF483001EE7AF /* Sources */ = {
			isa = PBXSourcesBuildPhase;
			buildActionMask = 2147483647;
			files = (
				7D5B019D20DCF483001EE7AF /* ARMeasuringTests.swift in Sources */,
			);
			runOnlyForDeploymentPostprocessing = 0;
		};
		7D5B019F20DCF483001EE7AF /* Sources */ = {
			isa = PBXSourcesBuildPhase;
			buildActionMask = 2147483647;
			files = (
				7D5B01A820DCF483001EE7AF /* ARMeasuringUITests.swift in Sources */,
			);
			runOnlyForDeploymentPostprocessing = 0;
		};
/* End PBXSourcesBuildPhase section */

/* Begin PBXTargetDependency section */
		7D5B019A20DCF483001EE7AF /* PBXTargetDependency */ = {
			isa = PBXTargetDependency;
			target = 7D5B018020DCF481001EE7AF /* ARMeasuring */;
			targetProxy = 7D5B019920DCF483001EE7AF /* PBXContainerItemProxy */;
		};
		7D5B01A520DCF483001EE7AF /* PBXTargetDependency */ = {
			isa = PBXTargetDependency;
			target = 7D5B018020DCF481001EE7AF /* ARMeasuring */;
			targetProxy = 7D5B01A420DCF483001EE7AF /* PBXContainerItemProxy */;
		};
/* End PBXTargetDependency section */

/* Begin PBXVariantGroup section */
		7D5B018820DCF481001EE7AF /* Main.storyboard */ = {
			isa = PBXVariantGroup;
			children = (
				7D5B018920DCF481001EE7AF /* Base */,
			);
			name = Main.storyboard;
			sourceTree = "<group>";
		};
		7D5B019020DCF483001EE7AF /* LaunchScreen.storyboard */ = {
			isa = PBXVariantGroup;
			children = (
				7D5B019120DCF483001EE7AF /* Base */,
			);
			name = LaunchScreen.storyboard;
			sourceTree = "<group>";
		};
/* End PBXVariantGroup section */

/* Begin XCBuildConfiguration section */
		7D5B01AA20DCF483001EE7AF /* Debug */ = {
			isa = XCBuildConfiguration;
			buildSettings = {
				ALWAYS_SEARCH_USER_PATHS = NO;
				CLANG_ANALYZER_NONNULL = YES;
				CLANG_ANALYZER_NUMBER_OBJECT_CONVERSION = YES_AGGRESSIVE;
				CLANG_CXX_LANGUAGE_STANDARD = "gnu++14";
				CLANG_CXX_LIBRARY = "libc++";
				CLANG_ENABLE_MODULES = YES;
				CLANG_ENABLE_OBJC_ARC = YES;
				CLANG_ENABLE_OBJC_WEAK = YES;
				CLANG_WARN_BLOCK_CAPTURE_AUTORELEASING = YES;
				CLANG_WARN_BOOL_CONVERSION = YES;
				CLANG_WARN_COMMA = YES;
				CLANG_WARN_CONSTANT_CONVERSION = YES;
				CLANG_WARN_DEPRECATED_OBJC_IMPLEMENTATIONS = YES;
				CLANG_WARN_DIRECT_OBJC_ISA_USAGE = YES_ERROR;
				CLANG_WARN_DOCUMENTATION_COMMENTS = YES;
				CLANG_WARN_EMPTY_BODY = YES;
				CLANG_WARN_ENUM_CONVERSION = YES;
				CLANG_WARN_INFINITE_RECURSION = YES;
				CLANG_WARN_INT_CONVERSION = YES;
				CLANG_WARN_NON_LITERAL_NULL_CONVERSION = YES;
				CLANG_WARN_OBJC_IMPLICIT_RETAIN_SELF = YES;
				CLANG_WARN_OBJC_LITERAL_CONVERSION = YES;
				CLANG_WARN_OBJC_ROOT_CLASS = YES_ERROR;
				CLANG_WARN_RANGE_LOOP_ANALYSIS = YES;
				CLANG_WARN_STRICT_PROTOTYPES = YES;
				CLANG_WARN_SUSPICIOUS_MOVE = YES;
				CLANG_WARN_UNGUARDED_AVAILABILITY = YES_AGGRESSIVE;
				CLANG_WARN_UNREACHABLE_CODE = YES;
				CLANG_WARN__DUPLICATE_METHOD_MATCH = YES;
				CODE_SIGN_IDENTITY = "iPhone Developer";
				COPY_PHASE_STRIP = NO;
				DEBUG_INFORMATION_FORMAT = dwarf;
				ENABLE_STRICT_OBJC_MSGSEND = YES;
				ENABLE_TESTABILITY = YES;
				GCC_C_LANGUAGE_STANDARD = gnu11;
				GCC_DYNAMIC_NO_PIC = NO;
				GCC_NO_COMMON_BLOCKS = YES;
				GCC_OPTIMIZATION_LEVEL = 0;
				GCC_PREPROCESSOR_DEFINITIONS = (
					"DEBUG=1",
					"$(inherited)",
				);
				GCC_WARN_64_TO_32_BIT_CONVERSION = YES;
				GCC_WARN_ABOUT_RETURN_TYPE = YES_ERROR;
				GCC_WARN_UNDECLARED_SELECTOR = YES;
				GCC_WARN_UNINITIALIZED_AUTOS = YES_AGGRESSIVE;
				GCC_WARN_UNUSED_FUNCTION = YES;
				GCC_WARN_UNUSED_VARIABLE = YES;
				IPHONEOS_DEPLOYMENT_TARGET = 12.0;
				MTL_ENABLE_DEBUG_INFO = INCLUDE_SOURCE;
				ONLY_ACTIVE_ARCH = YES;
				SDKROOT = iphoneos;
				SWIFT_ACTIVE_COMPILATION_CONDITIONS = DEBUG;
				SWIFT_OPTIMIZATION_LEVEL = "-Onone";
			};
			name = Debug;
		};
		7D5B01AB20DCF483001EE7AF /* Release */ = {
			isa = XCBuildConfiguration;
			buildSettings = {
				ALWAYS_SEARCH_USER_PATHS = NO;
				CLANG_ANALYZER_NONNULL = YES;
				CLANG_ANALYZER_NUMBER_OBJECT_CONVERSION = YES_AGGRESSIVE;
				CLANG_CXX_LANGUAGE_STANDARD = "gnu++14";
				CLANG_CXX_LIBRARY = "libc++";
				CLANG_ENABLE_MODULES = YES;
				CLANG_ENABLE_OBJC_ARC = YES;
				CLANG_ENABLE_OBJC_WEAK = YES;
				CLANG_WARN_BLOCK_CAPTURE_AUTORELEASING = YES;
				CLANG_WARN_BOOL_CONVERSION = YES;
				CLANG_WARN_COMMA = YES;
				CLANG_WARN_CONSTANT_CONVERSION = YES;
				CLANG_WARN_DEPRECATED_OBJC_IMPLEMENTATIONS = YES;
				CLANG_WARN_DIRECT_OBJC_ISA_USAGE = YES_ERROR;
				CLANG_WARN_DOCUMENTATION_COMMENTS = YES;
				CLANG_WARN_EMPTY_BODY = YES;
				CLANG_WARN_ENUM_CONVERSION = YES;
				CLANG_WARN_INFINITE_RECURSION = YES;
				CLANG_WARN_INT_CONVERSION = YES;
				CLANG_WARN_NON_LITERAL_NULL_CONVERSION = YES;
				CLANG_WARN_OBJC_IMPLICIT_RETAIN_SELF = YES;
				CLANG_WARN_OBJC_LITERAL_CONVERSION = YES;
				CLANG_WARN_OBJC_ROOT_CLASS = YES_ERROR;
				CLANG_WARN_RANGE_LOOP_ANALYSIS = YES;
				CLANG_WARN_STRICT_PROTOTYPES = YES;
				CLANG_WARN_SUSPICIOUS_MOVE = YES;
				CLANG_WARN_UNGUARDED_AVAILABILITY = YES_AGGRESSIVE;
				CLANG_WARN_UNREACHABLE_CODE = YES;
				CLANG_WARN__DUPLICATE_METHOD_MATCH = YES;
				CODE_SIGN_IDENTITY = "iPhone Developer";
				COPY_PHASE_STRIP = NO;
				DEBUG_INFORMATION_FORMAT = "dwarf-with-dsym";
				ENABLE_NS_ASSERTIONS = NO;
				ENABLE_STRICT_OBJC_MSGSEND = YES;
				GCC_C_LANGUAGE_STANDARD = gnu11;
				GCC_NO_COMMON_BLOCKS = YES;
				GCC_WARN_64_TO_32_BIT_CONVERSION = YES;
				GCC_WARN_ABOUT_RETURN_TYPE = YES_ERROR;
				GCC_WARN_UNDECLARED_SELECTOR = YES;
				GCC_WARN_UNINITIALIZED_AUTOS = YES_AGGRESSIVE;
				GCC_WARN_UNUSED_FUNCTION = YES;
				GCC_WARN_UNUSED_VARIABLE = YES;
				IPHONEOS_DEPLOYMENT_TARGET = 12.0;
				MTL_ENABLE_DEBUG_INFO = NO;
				SDKROOT = iphoneos;
				SWIFT_COMPILATION_MODE = wholemodule;
				SWIFT_OPTIMIZATION_LEVEL = "-O";
				VALIDATE_PRODUCT = YES;
			};
			name = Release;
		};
		7D5B01AD20DCF483001EE7AF /* Debug */ = {
			isa = XCBuildConfiguration;
			buildSettings = {
				ASSETCATALOG_COMPILER_APPICON_NAME = AppIcon;
				CODE_SIGN_STYLE = Automatic;
				DEVELOPMENT_TEAM = 237J8UY6UT;
				INFOPLIST_FILE = ARMeasuring/Info.plist;
				LD_RUNPATH_SEARCH_PATHS = (
					"$(inherited)",
					"@executable_path/Frameworks",
				);
				PRODUCT_BUNDLE_IDENTIFIER = KIT.ARMeasuring;
				PRODUCT_NAME = "$(TARGET_NAME)";
				SWIFT_VERSION = 4.2;
				TARGETED_DEVICE_FAMILY = "1,2";
			};
			name = Debug;
		};
		7D5B01AE20DCF483001EE7AF /* Release */ = {
			isa = XCBuildConfiguration;
			buildSettings = {
				ASSETCATALOG_COMPILER_APPICON_NAME = AppIcon;
				CODE_SIGN_STYLE = Automatic;
				DEVELOPMENT_TEAM = 237J8UY6UT;
				INFOPLIST_FILE = ARMeasuring/Info.plist;
				LD_RUNPATH_SEARCH_PATHS = (
					"$(inherited)",
					"@executable_path/Frameworks",
				);
				PRODUCT_BUNDLE_IDENTIFIER = KIT.ARMeasuring;
				PRODUCT_NAME = "$(TARGET_NAME)";
				SWIFT_VERSION = 4.2;
				TARGETED_DEVICE_FAMILY = "1,2";
			};
			name = Release;
		};
		7D5B01B020DCF483001EE7AF /* Debug */ = {
			isa = XCBuildConfiguration;
			buildSettings = {
				ALWAYS_EMBED_SWIFT_STANDARD_LIBRARIES = YES;
				BUNDLE_LOADER = "$(TEST_HOST)";
				CODE_SIGN_STYLE = Automatic;
				DEVELOPMENT_TEAM = 237J8UY6UT;
				INFOPLIST_FILE = ARMeasuringTests/Info.plist;
				LD_RUNPATH_SEARCH_PATHS = (
					"$(inherited)",
					"@executable_path/Frameworks",
					"@loader_path/Frameworks",
				);
				PRODUCT_BUNDLE_IDENTIFIER = KIT.ARMeasuringTests;
				PRODUCT_NAME = "$(TARGET_NAME)";
				SWIFT_VERSION = 4.2;
				TARGETED_DEVICE_FAMILY = "1,2";
				TEST_HOST = "$(BUILT_PRODUCTS_DIR)/ARMeasuring.app/ARMeasuring";
			};
			name = Debug;
		};
		7D5B01B120DCF483001EE7AF /* Release */ = {
			isa = XCBuildConfiguration;
			buildSettings = {
				ALWAYS_EMBED_SWIFT_STANDARD_LIBRARIES = YES;
				BUNDLE_LOADER = "$(TEST_HOST)";
				CODE_SIGN_STYLE = Automatic;
				DEVELOPMENT_TEAM = 237J8UY6UT;
				INFOPLIST_FILE = ARMeasuringTests/Info.plist;
				LD_RUNPATH_SEARCH_PATHS = (
					"$(inherited)",
					"@executable_path/Frameworks",
					"@loader_path/Frameworks",
				);
				PRODUCT_BUNDLE_IDENTIFIER = KIT.ARMeasuringTests;
				PRODUCT_NAME = "$(TARGET_NAME)";
				SWIFT_VERSION = 4.2;
				TARGETED_DEVICE_FAMILY = "1,2";
				TEST_HOST = "$(BUILT_PRODUCTS_DIR)/ARMeasuring.app/ARMeasuring";
			};
			name = Release;
		};
		7D5B01B320DCF483001EE7AF /* Debug */ = {
			isa = XCBuildConfiguration;
			buildSettings = {
				ALWAYS_EMBED_SWIFT_STANDARD_LIBRARIES = YES;
				CODE_SIGN_STYLE = Automatic;
				DEVELOPMENT_TEAM = 237J8UY6UT;
				INFOPLIST_FILE = ARMeasuringUITests/Info.plist;
				LD_RUNPATH_SEARCH_PATHS = (
					"$(inherited)",
					"@executable_path/Frameworks",
					"@loader_path/Frameworks",
				);
				PRODUCT_BUNDLE_IDENTIFIER = KIT.ARMeasuringUITests;
				PRODUCT_NAME = "$(TARGET_NAME)";
				SWIFT_VERSION = 4.2;
				TARGETED_DEVICE_FAMILY = "1,2";
				TEST_TARGET_NAME = ARMeasuring;
			};
			name = Debug;
		};
		7D5B01B420DCF483001EE7AF /* Release */ = {
			isa = XCBuildConfiguration;
			buildSettings = {
				ALWAYS_EMBED_SWIFT_STANDARD_LIBRARIES = YES;
				CODE_SIGN_STYLE = Automatic;
				DEVELOPMENT_TEAM = 237J8UY6UT;
				INFOPLIST_FILE = ARMeasuringUITests/Info.plist;
				LD_RUNPATH_SEARCH_PATHS = (
					"$(inherited)",
					"@executable_path/Frameworks",
					"@loader_path/Frameworks",
				);
				PRODUCT_BUNDLE_IDENTIFIER = KIT.ARMeasuringUITests;
				PRODUCT_NAME = "$(TARGET_NAME)";
				SWIFT_VERSION = 4.2;
				TARGETED_DEVICE_FAMILY = "1,2";
				TEST_TARGET_NAME = ARMeasuring;
			};
			name = Release;
		};
/* End XCBuildConfiguration section */

/* Begin XCConfigurationList section */
		7D5B017C20DCF481001EE7AF /* Build configuration list for PBXProject "ARMeasuring" */ = {
			isa = XCConfigurationList;
			buildConfigurations = (
				7D5B01AA20DCF483001EE7AF /* Debug */,
				7D5B01AB20DCF483001EE7AF /* Release */,
			);
			defaultConfigurationIsVisible = 0;
			defaultConfigurationName = Release;
		};
		7D5B01AC20DCF483001EE7AF /* Build configuration list for PBXNativeTarget "ARMeasuring" */ = {
			isa = XCConfigurationList;
			buildConfigurations = (
				7D5B01AD20DCF483001EE7AF /* Debug */,
				7D5B01AE20DCF483001EE7AF /* Release */,
			);
			defaultConfigurationIsVisible = 0;
			defaultConfigurationName = Release;
		};
		7D5B01AF20DCF483001EE7AF /* Build configuration list for PBXNativeTarget "ARMeasuringTests" */ = {
			isa = XCConfigurationList;
			buildConfigurations = (
				7D5B01B020DCF483001EE7AF /* Debug */,
				7D5B01B120DCF483001EE7AF /* Release */,
			);
			defaultConfigurationIsVisible = 0;
			defaultConfigurationName = Release;
		};
		7D5B01B220DCF483001EE7AF /* Build configuration list for PBXNativeTarget "ARMeasuringUITests" */ = {
			isa = XCConfigurationList;
			buildConfigurations = (
				7D5B01B320DCF483001EE7AF /* Debug */,
				7D5B01B420DCF483001EE7AF /* Release */,
			);
			defaultConfigurationIsVisible = 0;
			defaultConfigurationName = Release;
		};
/* End XCConfigurationList section */

/* Begin XCVersionGroup section */
		7D5B018B20DCF481001EE7AF /* ARMeasuring.xcdatamodeld */ = {
			isa = XCVersionGroup;
			children = (
				7D5B018C20DCF481001EE7AF /* ARMeasuring.xcdatamodel */,
			);
			currentVersion = 7D5B018C20DCF481001EE7AF /* ARMeasuring.xcdatamodel */;
			path = ARMeasuring.xcdatamodeld;
			sourceTree = "<group>";
			versionGroupType = wrapper.xcdatamodel;
		};
/* End XCVersionGroup section */
	};
	rootObject = 7D5B017920DCF481001EE7AF /* Project object */;
}
